PODS:
  - FBSnapshotTestCase (2.1.4):
    - FBSnapshotTestCase/SwiftSupport (= 2.1.4)
  - FBSnapshotTestCase/Core (2.1.4)
  - FBSnapshotTestCase/SwiftSupport (2.1.4):
    - FBSnapshotTestCase/Core
  - GMTimer (0.0.1)

DEPENDENCIES:
  - FBSnapshotTestCase
  - GMTimer (from `../`)

SPEC REPOS:
  trunk:
    - FBSnapshotTestCase

EXTERNAL SOURCES:
  GMTimer:
    :path: "../"

SPEC CHECKSUMS:
  FBSnapshotTestCase: 094f9f314decbabe373b87cc339bea235a63e07a
  GMTimer: 1c9f5427b6fee6184535a10c49c18d35e8597cee

PODFILE CHECKSUM: 1b10b1f9a397c9dbdea01f5e7ecd8f885288af3e

COCOAPODS: 1.9.1
